
Microsoft Visual Studio Solution File, Format Version 12.00
# Visual Studio Version 17
VisualStudioVersion = 17.7.34024.191
MinimumVisualStudioVersion = 10.0.40219.1
Project("{FAE04EC0-301F-11D3-BF4B-00C04F79EFBC}") = "Ishita 6ConsoleApp1", "Ishita 6ConsoleApp1\Ishita 6ConsoleApp1.csproj", "{845FEB93-EBBA-411C-ACFA-B4ABA82701FE}"
EndProject
Global
	GlobalSection(SolutionConfigurationPlatforms) = preSolution
		Debug|Any CPU = Debug|Any CPU
		Release|Any CPU = Release|Any CPU
	EndGlobalSection
	GlobalSection(ProjectConfigurationPlatforms) = postSolution
		{845FEB93-EBBA-411C-ACFA-B4ABA82701FE}.Debug|Any CPU.ActiveCfg = Debug|Any CPU
		{845FEB93-EBBA-411C-ACFA-B4ABA82701FE}.Debug|Any CPU.Build.0 = Debug|Any CPU
		{845FEB93-EBBA-411C-ACFA-B4ABA82701FE}.Release|Any CPU.ActiveCfg = Release|Any CPU
		{845FEB93-EBBA-411C-ACFA-B4ABA82701FE}.Release|Any CPU.Build.0 = Release|Any CPU
	EndGlobalSection
	GlobalSection(SolutionProperties) = preSolution
		HideSolutionNode = FALSE
	EndGlobalSection
	GlobalSection(ExtensibilityGlobals) = postSolution
		SolutionGuid = {992EC9E5-6D94-438F-9AD2-71A4E299D199}
	EndGlobalSection
EndGlobal
